// !$*UTF8*$!
{
	archiveVersion = 1;
	classes = {
	};
	objectVersion = 50;
	objects = {

/* Begin PBXBuildFile section */
		1F04DBF4274FF81200E5CF42 /* AchievementTile.swift in Sources */ = {isa = PBXBuildFile; fileRef = 1F04DBF3274FF81200E5CF42 /* AchievementTile.swift */; };
		1F3672202750A14800B99296 /* CategoryEntity+CoreDataClass.swift in Sources */ = {isa = PBXBuildFile; fileRef = 1F36721C2750A14800B99296 /* CategoryEntity+CoreDataClass.swift */; };
		1F3672212750A14800B99296 /* CategoryEntity+CoreDataProperties.swift in Sources */ = {isa = PBXBuildFile; fileRef = 1F36721D2750A14800B99296 /* CategoryEntity+CoreDataProperties.swift */; };
		1F3672262750A8D800B99296 /* TaskEntity+CoreDataClass.swift in Sources */ = {isa = PBXBuildFile; fileRef = 1F3672222750A8D800B99296 /* TaskEntity+CoreDataClass.swift */; };
		1F3672272750A8D800B99296 /* TaskEntity+CoreDataProperties.swift in Sources */ = {isa = PBXBuildFile; fileRef = 1F3672232750A8D800B99296 /* TaskEntity+CoreDataProperties.swift */; };
		1F553B382737061D00362BAF /* Ubuntu-Italic.ttf in Resources */ = {isa = PBXBuildFile; fileRef = 1F553B302737061C00362BAF /* Ubuntu-Italic.ttf */; };
		1F553B392737061D00362BAF /* Ubuntu-MediumItalic.ttf in Resources */ = {isa = PBXBuildFile; fileRef = 1F553B312737061C00362BAF /* Ubuntu-MediumItalic.ttf */; };
		1F553B3A2737061D00362BAF /* Ubuntu-Regular.ttf in Resources */ = {isa = PBXBuildFile; fileRef = 1F553B322737061C00362BAF /* Ubuntu-Regular.ttf */; };
		1F553B3B2737061D00362BAF /* Ubuntu-Medium.ttf in Resources */ = {isa = PBXBuildFile; fileRef = 1F553B332737061C00362BAF /* Ubuntu-Medium.ttf */; };
		1F553B3C2737061D00362BAF /* Ubuntu-BoldItalic.ttf in Resources */ = {isa = PBXBuildFile; fileRef = 1F553B342737061C00362BAF /* Ubuntu-BoldItalic.ttf */; };
		1F553B3D2737061D00362BAF /* Ubuntu-Bold.ttf in Resources */ = {isa = PBXBuildFile; fileRef = 1F553B352737061D00362BAF /* Ubuntu-Bold.ttf */; };
		1F553B3E2737061D00362BAF /* Ubuntu-Light.ttf in Resources */ = {isa = PBXBuildFile; fileRef = 1F553B362737061D00362BAF /* Ubuntu-Light.ttf */; };
		1F553B3F2737061D00362BAF /* Ubuntu-LightItalic.ttf in Resources */ = {isa = PBXBuildFile; fileRef = 1F553B372737061D00362BAF /* Ubuntu-LightItalic.ttf */; };
		1F553B4127370B2100362BAF /* Viga-Regular.ttf in Resources */ = {isa = PBXBuildFile; fileRef = 1F553B4027370B2100362BAF /* Viga-Regular.ttf */; };
		1F644AC22753261A0016ADC5 /* CategoryTaskView.swift in Sources */ = {isa = PBXBuildFile; fileRef = 1F644AC12753261A0016ADC5 /* CategoryTaskView.swift */; };
		1F8BF5BC27505E5D0025226A /* Achievement.swift in Sources */ = {isa = PBXBuildFile; fileRef = 1F8BF5BB27505E5D0025226A /* Achievement.swift */; };
		1F8BF5BF275065970025226A /* NSManagedObjectModel.xcdatamodeld in Sources */ = {isa = PBXBuildFile; fileRef = 1F8BF5BD275065970025226A /* NSManagedObjectModel.xcdatamodeld */; };
		1F8BF5C527506A370025226A /* Persistence.swift in Sources */ = {isa = PBXBuildFile; fileRef = 1F8BF5C427506A370025226A /* Persistence.swift */; };
		1FB031B2274AF73E00CBC739 /* ProfileView.swift in Sources */ = {isa = PBXBuildFile; fileRef = 1FB031B1274AF73E00CBC739 /* ProfileView.swift */; };
		1FB8CEEB274F4D7E00DAC1A8 /* ModalView.swift in Sources */ = {isa = PBXBuildFile; fileRef = 1FB8CEEA274F4D7E00DAC1A8 /* ModalView.swift */; };
		1FB8CEED274F68F300DAC1A8 /* Cell.swift in Sources */ = {isa = PBXBuildFile; fileRef = 1FB8CEEC274F68F300DAC1A8 /* Cell.swift */; };
		1FB8CEEF274F694700DAC1A8 /* CustomColors.swift in Sources */ = {isa = PBXBuildFile; fileRef = 1FB8CEEE274F694700DAC1A8 /* CustomColors.swift */; };
		1FBB93C52717338E00C6C2F2 /* AssignMeApp.swift in Sources */ = {isa = PBXBuildFile; fileRef = 1FBB93C42717338E00C6C2F2 /* AssignMeApp.swift */; };
		1FBB93C72717338E00C6C2F2 /* ContentView.swift in Sources */ = {isa = PBXBuildFile; fileRef = 1FBB93C62717338E00C6C2F2 /* ContentView.swift */; };
		1FBB93C92717339300C6C2F2 /* Assets.xcassets in Resources */ = {isa = PBXBuildFile; fileRef = 1FBB93C82717339300C6C2F2 /* Assets.xcassets */; };
		1FBB93D72717339400C6C2F2 /* AssignMeTests.swift in Sources */ = {isa = PBXBuildFile; fileRef = 1FBB93D62717339400C6C2F2 /* AssignMeTests.swift */; };
		1FBB93E22717339400C6C2F2 /* AssignMeUITests.swift in Sources */ = {isa = PBXBuildFile; fileRef = 1FBB93E12717339400C6C2F2 /* AssignMeUITests.swift */; };
		303CFCAF2719C38B003B7139 /* Category.swift in Sources */ = {isa = PBXBuildFile; fileRef = 303CFCAE2719C38B003B7139 /* Category.swift */; };
		303CFCB12719C705003B7139 /* Task.swift in Sources */ = {isa = PBXBuildFile; fileRef = 303CFCB02719C705003B7139 /* Task.swift */; };
		303CFCB3271D0116003B7139 /* CategoryCreationFormView.swift in Sources */ = {isa = PBXBuildFile; fileRef = 303CFCB2271D0116003B7139 /* CategoryCreationFormView.swift */; };
		303CFCB92720F6DF003B7139 /* SwiftUIViewTest.swift in Sources */ = {isa = PBXBuildFile; fileRef = 303CFCB82720F6DE003B7139 /* SwiftUIViewTest.swift */; };
		303E9276272AF1F000B71B63 /* CategoryCard.swift in Sources */ = {isa = PBXBuildFile; fileRef = 303E9275272AF1F000B71B63 /* CategoryCard.swift */; };
		303E9278272AF3AE00B71B63 /* UserOld.swift in Sources */ = {isa = PBXBuildFile; fileRef = 303E9277272AF3AE00B71B63 /* UserOld.swift */; };
		303E927A272C5E9200B71B63 /* TaskEntryView.swift in Sources */ = {isa = PBXBuildFile; fileRef = 303E9279272C5E9200B71B63 /* TaskEntryView.swift */; };
		30954F14272E3E4000E100BE /* DifficultyView.swift in Sources */ = {isa = PBXBuildFile; fileRef = 30954F13272E3E4000E100BE /* DifficultyView.swift */; };
		30954F1A273478FA00E100BE /* TaskEditView.swift in Sources */ = {isa = PBXBuildFile; fileRef = 30954F19273478FA00E100BE /* TaskEditView.swift */; };
		8730CB9E2733717100D175DB /* WeeklyView.swift in Sources */ = {isa = PBXBuildFile; fileRef = 8730CB9D2733717100D175DB /* WeeklyView.swift */; };
		8730CBA02733725B00D175DB /* CalendarView.swift in Sources */ = {isa = PBXBuildFile; fileRef = 8730CB9F2733725B00D175DB /* CalendarView.swift */; };
		CE25728727422138006C5C66 /* TaskDetailsView.swift in Sources */ = {isa = PBXBuildFile; fileRef = CE25728627422138006C5C66 /* TaskDetailsView.swift */; };
		CE630707273369B50031B8A9 /* CategoryEdit.swift in Sources */ = {isa = PBXBuildFile; fileRef = CE630706273369B50031B8A9 /* CategoryEdit.swift */; };
		DE998A4427336DC3000A08CF /* TaskCard.swift in Sources */ = {isa = PBXBuildFile; fileRef = DE998A4327336DC3000A08CF /* TaskCard.swift */; };
		DE998A4627336ECE000A08CF /* CategoryListView.swift in Sources */ = {isa = PBXBuildFile; fileRef = DE998A4527336ECE000A08CF /* CategoryListView.swift */; };
/* End PBXBuildFile section */

/* Begin PBXContainerItemProxy section */
		1FBB93D32717339400C6C2F2 /* PBXContainerItemProxy */ = {
			isa = PBXContainerItemProxy;
			containerPortal = 1FBB93B92717338D00C6C2F2 /* Project object */;
			proxyType = 1;
			remoteGlobalIDString = 1FBB93C02717338D00C6C2F2;
			remoteInfo = AssignMe;
		};
		1FBB93DE2717339400C6C2F2 /* PBXContainerItemProxy */ = {
			isa = PBXContainerItemProxy;
			containerPortal = 1FBB93B92717338D00C6C2F2 /* Project object */;
			proxyType = 1;
			remoteGlobalIDString = 1FBB93C02717338D00C6C2F2;
			remoteInfo = AssignMe;
		};
/* End PBXContainerItemProxy section */

/* Begin PBXFileReference section */
		1F04DBF3274FF81200E5CF42 /* AchievementTile.swift */ = {isa = PBXFileReference; lastKnownFileType = sourcecode.swift; path = AchievementTile.swift; sourceTree = "<group>"; };
		1F36721C2750A14800B99296 /* CategoryEntity+CoreDataClass.swift */ = {isa = PBXFileReference; lastKnownFileType = sourcecode.swift; name = "CategoryEntity+CoreDataClass.swift"; path = "Models/CategoryEntity+CoreDataClass.swift"; sourceTree = SOURCE_ROOT; };
		1F36721D2750A14800B99296 /* CategoryEntity+CoreDataProperties.swift */ = {isa = PBXFileReference; lastKnownFileType = sourcecode.swift; name = "CategoryEntity+CoreDataProperties.swift"; path = "Models/CategoryEntity+CoreDataProperties.swift"; sourceTree = SOURCE_ROOT; };
		1F3672222750A8D800B99296 /* TaskEntity+CoreDataClass.swift */ = {isa = PBXFileReference; lastKnownFileType = sourcecode.swift; name = "TaskEntity+CoreDataClass.swift"; path = "Models/TaskEntity+CoreDataClass.swift"; sourceTree = SOURCE_ROOT; };
		1F3672232750A8D800B99296 /* TaskEntity+CoreDataProperties.swift */ = {isa = PBXFileReference; lastKnownFileType = sourcecode.swift; name = "TaskEntity+CoreDataProperties.swift"; path = "Models/TaskEntity+CoreDataProperties.swift"; sourceTree = SOURCE_ROOT; };
		1F553B302737061C00362BAF /* Ubuntu-Italic.ttf */ = {isa = PBXFileReference; lastKnownFileType = file; path = "Ubuntu-Italic.ttf"; sourceTree = "<group>"; };
		1F553B312737061C00362BAF /* Ubuntu-MediumItalic.ttf */ = {isa = PBXFileReference; lastKnownFileType = file; path = "Ubuntu-MediumItalic.ttf"; sourceTree = "<group>"; };
		1F553B322737061C00362BAF /* Ubuntu-Regular.ttf */ = {isa = PBXFileReference; lastKnownFileType = file; path = "Ubuntu-Regular.ttf"; sourceTree = "<group>"; };
		1F553B332737061C00362BAF /* Ubuntu-Medium.ttf */ = {isa = PBXFileReference; lastKnownFileType = file; path = "Ubuntu-Medium.ttf"; sourceTree = "<group>"; };
		1F553B342737061C00362BAF /* Ubuntu-BoldItalic.ttf */ = {isa = PBXFileReference; lastKnownFileType = file; path = "Ubuntu-BoldItalic.ttf"; sourceTree = "<group>"; };
		1F553B352737061D00362BAF /* Ubuntu-Bold.ttf */ = {isa = PBXFileReference; lastKnownFileType = file; path = "Ubuntu-Bold.ttf"; sourceTree = "<group>"; };
		1F553B362737061D00362BAF /* Ubuntu-Light.ttf */ = {isa = PBXFileReference; lastKnownFileType = file; path = "Ubuntu-Light.ttf"; sourceTree = "<group>"; };
		1F553B372737061D00362BAF /* Ubuntu-LightItalic.ttf */ = {isa = PBXFileReference; lastKnownFileType = file; path = "Ubuntu-LightItalic.ttf"; sourceTree = "<group>"; };
		1F553B4027370B2100362BAF /* Viga-Regular.ttf */ = {isa = PBXFileReference; lastKnownFileType = file; path = "Viga-Regular.ttf"; sourceTree = "<group>"; };
		1F644AC12753261A0016ADC5 /* CategoryTaskView.swift */ = {isa = PBXFileReference; lastKnownFileType = sourcecode.swift; path = CategoryTaskView.swift; sourceTree = "<group>"; };
		1F8BF5BB27505E5D0025226A /* Achievement.swift */ = {isa = PBXFileReference; lastKnownFileType = sourcecode.swift; path = Achievement.swift; sourceTree = "<group>"; };
		1F8BF5BE275065970025226A /* User.xcdatamodel */ = {isa = PBXFileReference; lastKnownFileType = wrapper.xcdatamodel; path = User.xcdatamodel; sourceTree = "<group>"; };
		1F8BF5C427506A370025226A /* Persistence.swift */ = {isa = PBXFileReference; lastKnownFileType = sourcecode.swift; path = Persistence.swift; sourceTree = "<group>"; };
		1FB031B1274AF73E00CBC739 /* ProfileView.swift */ = {isa = PBXFileReference; lastKnownFileType = sourcecode.swift; path = ProfileView.swift; sourceTree = SOURCE_ROOT; };
		1FB8CEEA274F4D7E00DAC1A8 /* ModalView.swift */ = {isa = PBXFileReference; lastKnownFileType = sourcecode.swift; path = ModalView.swift; sourceTree = "<group>"; };
		1FB8CEEC274F68F300DAC1A8 /* Cell.swift */ = {isa = PBXFileReference; lastKnownFileType = sourcecode.swift; path = Cell.swift; sourceTree = "<group>"; };
		1FB8CEEE274F694700DAC1A8 /* CustomColors.swift */ = {isa = PBXFileReference; lastKnownFileType = sourcecode.swift; path = CustomColors.swift; sourceTree = "<group>"; };
		1FBB93C12717338E00C6C2F2 /* AssignMe.app */ = {isa = PBXFileReference; explicitFileType = wrapper.application; includeInIndex = 0; path = AssignMe.app; sourceTree = BUILT_PRODUCTS_DIR; };
		1FBB93C42717338E00C6C2F2 /* AssignMeApp.swift */ = {isa = PBXFileReference; lastKnownFileType = sourcecode.swift; path = AssignMeApp.swift; sourceTree = "<group>"; };
		1FBB93C62717338E00C6C2F2 /* ContentView.swift */ = {isa = PBXFileReference; lastKnownFileType = sourcecode.swift; path = ContentView.swift; sourceTree = "<group>"; };
		1FBB93C82717339300C6C2F2 /* Assets.xcassets */ = {isa = PBXFileReference; lastKnownFileType = folder.assetcatalog; path = Assets.xcassets; sourceTree = "<group>"; };
		1FBB93CD2717339300C6C2F2 /* Info.plist */ = {isa = PBXFileReference; lastKnownFileType = text.plist.xml; path = Info.plist; sourceTree = "<group>"; };
		1FBB93D22717339400C6C2F2 /* AssignMeTests.xctest */ = {isa = PBXFileReference; explicitFileType = wrapper.cfbundle; includeInIndex = 0; path = AssignMeTests.xctest; sourceTree = BUILT_PRODUCTS_DIR; };
		1FBB93D62717339400C6C2F2 /* AssignMeTests.swift */ = {isa = PBXFileReference; lastKnownFileType = sourcecode.swift; path = AssignMeTests.swift; sourceTree = "<group>"; };
		1FBB93D82717339400C6C2F2 /* Info.plist */ = {isa = PBXFileReference; lastKnownFileType = text.plist.xml; path = Info.plist; sourceTree = "<group>"; };
		1FBB93DD2717339400C6C2F2 /* AssignMeUITests.xctest */ = {isa = PBXFileReference; explicitFileType = wrapper.cfbundle; includeInIndex = 0; path = AssignMeUITests.xctest; sourceTree = BUILT_PRODUCTS_DIR; };
		1FBB93E12717339400C6C2F2 /* AssignMeUITests.swift */ = {isa = PBXFileReference; lastKnownFileType = sourcecode.swift; path = AssignMeUITests.swift; sourceTree = "<group>"; };
		1FBB93E32717339400C6C2F2 /* Info.plist */ = {isa = PBXFileReference; lastKnownFileType = text.plist.xml; path = Info.plist; sourceTree = "<group>"; };
		303CFCAE2719C38B003B7139 /* Category.swift */ = {isa = PBXFileReference; lastKnownFileType = sourcecode.swift; path = Category.swift; sourceTree = "<group>"; };
		303CFCB02719C705003B7139 /* Task.swift */ = {isa = PBXFileReference; lastKnownFileType = sourcecode.swift; path = Task.swift; sourceTree = "<group>"; };
		303CFCB2271D0116003B7139 /* CategoryCreationFormView.swift */ = {isa = PBXFileReference; lastKnownFileType = sourcecode.swift; path = CategoryCreationFormView.swift; sourceTree = "<group>"; };
		303CFCB82720F6DE003B7139 /* SwiftUIViewTest.swift */ = {isa = PBXFileReference; lastKnownFileType = sourcecode.swift; path = SwiftUIViewTest.swift; sourceTree = "<group>"; };
		303E9275272AF1F000B71B63 /* CategoryCard.swift */ = {isa = PBXFileReference; fileEncoding = 4; lastKnownFileType = sourcecode.swift; path = CategoryCard.swift; sourceTree = "<group>"; };
		303E9277272AF3AE00B71B63 /* UserOld.swift */ = {isa = PBXFileReference; lastKnownFileType = sourcecode.swift; path = UserOld.swift; sourceTree = "<group>"; };
		303E9279272C5E9200B71B63 /* TaskEntryView.swift */ = {isa = PBXFileReference; lastKnownFileType = sourcecode.swift; path = TaskEntryView.swift; sourceTree = "<group>"; };
		30954F13272E3E4000E100BE /* DifficultyView.swift */ = {isa = PBXFileReference; lastKnownFileType = sourcecode.swift; path = DifficultyView.swift; sourceTree = "<group>"; };
		30954F19273478FA00E100BE /* TaskEditView.swift */ = {isa = PBXFileReference; lastKnownFileType = sourcecode.swift; path = TaskEditView.swift; sourceTree = "<group>"; };
		8730CB9D2733717100D175DB /* WeeklyView.swift */ = {isa = PBXFileReference; lastKnownFileType = sourcecode.swift; path = WeeklyView.swift; sourceTree = "<group>"; };
		8730CB9F2733725B00D175DB /* CalendarView.swift */ = {isa = PBXFileReference; lastKnownFileType = sourcecode.swift; path = CalendarView.swift; sourceTree = SOURCE_ROOT; };
		CE25728627422138006C5C66 /* TaskDetailsView.swift */ = {isa = PBXFileReference; lastKnownFileType = sourcecode.swift; path = TaskDetailsView.swift; sourceTree = "<group>"; };
		CE630706273369B50031B8A9 /* CategoryEdit.swift */ = {isa = PBXFileReference; lastKnownFileType = sourcecode.swift; path = CategoryEdit.swift; sourceTree = "<group>"; };
		CE85B185274F34A700A3F3AB /* Montserrat-Regular.ttf */ = {isa = PBXFileReference; lastKnownFileType = file; name = "Montserrat-Regular.ttf"; path = "../../../../Desktop/Montserrat/Montserrat-Regular.ttf"; sourceTree = "<group>"; };
		CE85B187274F356A00A3F3AB /* Montserrat-Regular.ttf */ = {isa = PBXFileReference; lastKnownFileType = file; path = "Montserrat-Regular.ttf"; sourceTree = "<group>"; };
		CE85B18A274F420B00A3F3AB /* Montserrat-Regular.ttf */ = {isa = PBXFileReference; lastKnownFileType = file; name = "Montserrat-Regular.ttf"; path = "../../../../../Desktop/Montserrat/Montserrat-Regular.ttf"; sourceTree = "<group>"; };
		DE998A4327336DC3000A08CF /* TaskCard.swift */ = {isa = PBXFileReference; lastKnownFileType = sourcecode.swift; path = TaskCard.swift; sourceTree = "<group>"; };
		DE998A4527336ECE000A08CF /* CategoryListView.swift */ = {isa = PBXFileReference; lastKnownFileType = sourcecode.swift; path = CategoryListView.swift; sourceTree = "<group>"; };
/* End PBXFileReference section */

/* Begin PBXFrameworksBuildPhase section */
		1FBB93BE2717338D00C6C2F2 /* Frameworks */ = {
			isa = PBXFrameworksBuildPhase;
			buildActionMask = 2147483647;
			files = (
			);
			runOnlyForDeploymentPostprocessing = 0;
		};
		1FBB93CF2717339400C6C2F2 /* Frameworks */ = {
			isa = PBXFrameworksBuildPhase;
			buildActionMask = 2147483647;
			files = (
			);
			runOnlyForDeploymentPostprocessing = 0;
		};
		1FBB93DA2717339400C6C2F2 /* Frameworks */ = {
			isa = PBXFrameworksBuildPhase;
			buildActionMask = 2147483647;
			files = (
			);
			runOnlyForDeploymentPostprocessing = 0;
		};
/* End PBXFrameworksBuildPhase section */

/* Begin PBXGroup section */
		1F553B2F273705B200362BAF /* fonts */ = {
			isa = PBXGroup;
			children = (
				CE85B185274F34A700A3F3AB /* Montserrat-Regular.ttf */,
				CE85B186274F355600A3F3AB /* task card font */,
				1F553B4027370B2100362BAF /* Viga-Regular.ttf */,
				1F553B352737061D00362BAF /* Ubuntu-Bold.ttf */,
				1F553B342737061C00362BAF /* Ubuntu-BoldItalic.ttf */,
				1F553B302737061C00362BAF /* Ubuntu-Italic.ttf */,
				1F553B362737061D00362BAF /* Ubuntu-Light.ttf */,
				1F553B372737061D00362BAF /* Ubuntu-LightItalic.ttf */,
				1F553B332737061C00362BAF /* Ubuntu-Medium.ttf */,
				1F553B312737061C00362BAF /* Ubuntu-MediumItalic.ttf */,
				1F553B322737061C00362BAF /* Ubuntu-Regular.ttf */,
			);
			path = fonts;
			sourceTree = "<group>";
		};
		1FBB93B82717338D00C6C2F2 = {
			isa = PBXGroup;
			children = (
				1FBB93C32717338E00C6C2F2 /* AssignMe */,
				1FBB93D52717339400C6C2F2 /* AssignMeTests */,
				1FBB93E02717339400C6C2F2 /* AssignMeUITests */,
				1FBB93C22717338E00C6C2F2 /* Products */,
			);
			sourceTree = "<group>";
		};
		1FBB93C22717338E00C6C2F2 /* Products */ = {
			isa = PBXGroup;
			children = (
				1FBB93C12717338E00C6C2F2 /* AssignMe.app */,
				1FBB93D22717339400C6C2F2 /* AssignMeTests.xctest */,
				1FBB93DD2717339400C6C2F2 /* AssignMeUITests.xctest */,
			);
			name = Products;
			sourceTree = "<group>";
		};
		1FBB93C32717338E00C6C2F2 /* AssignMe */ = {
			isa = PBXGroup;
			children = (
				1F553B2F273705B200362BAF /* fonts */,
				CE6307052733681D0031B8A9 /* Alejandro */,
				CE630704273368020031B8A9 /* Tommie */,
				CE630703273367FA0031B8A9 /* Dalton */,
				CE630702273367E90031B8A9 /* Tai */,
				CE630701273367DA0031B8A9 /* Rohan */,
				303CFCAE2719C38B003B7139 /* Category.swift */,
				303CFCB02719C705003B7139 /* Task.swift */,
				303E9277272AF3AE00B71B63 /* UserOld.swift */,
				1FBB93C62717338E00C6C2F2 /* ContentView.swift */,
				1FBB93C82717339300C6C2F2 /* Assets.xcassets */,
				1FBB93C42717338E00C6C2F2 /* AssignMeApp.swift */,
				1FBB93CD2717339300C6C2F2 /* Info.plist */,
				303CFCB82720F6DE003B7139 /* SwiftUIViewTest.swift */,
				30954F13272E3E4000E100BE /* DifficultyView.swift */,
			);
			path = AssignMe;
			sourceTree = "<group>";
		};
		1FBB93D52717339400C6C2F2 /* AssignMeTests */ = {
			isa = PBXGroup;
			children = (
				1FBB93D62717339400C6C2F2 /* AssignMeTests.swift */,
				1FBB93D82717339400C6C2F2 /* Info.plist */,
			);
			path = AssignMeTests;
			sourceTree = "<group>";
		};
		1FBB93E02717339400C6C2F2 /* AssignMeUITests */ = {
			isa = PBXGroup;
			children = (
				1FBB93E12717339400C6C2F2 /* AssignMeUITests.swift */,
				1FBB93E32717339400C6C2F2 /* Info.plist */,
			);
			path = AssignMeUITests;
			sourceTree = "<group>";
		};
		CE630701273367DA0031B8A9 /* Rohan */ = {
			isa = PBXGroup;
			children = (
				30954F19273478FA00E100BE /* TaskEditView.swift */,
				303E9279272C5E9200B71B63 /* TaskEntryView.swift */,
			);
			path = Rohan;
			sourceTree = "<group>";
		};
		CE630702273367E90031B8A9 /* Tai */ = {
			isa = PBXGroup;
			children = (
				CE25728627422138006C5C66 /* TaskDetailsView.swift */,
				CE630706273369B50031B8A9 /* CategoryEdit.swift */,
				303CFCB2271D0116003B7139 /* CategoryCreationFormView.swift */,
			);
			path = Tai;
			sourceTree = "<group>";
		};
		CE630703273367FA0031B8A9 /* Dalton */ = {
			isa = PBXGroup;
			children = (
				1F3672222750A8D800B99296 /* TaskEntity+CoreDataClass.swift */,
				1F3672232750A8D800B99296 /* TaskEntity+CoreDataProperties.swift */,
				1F36721C2750A14800B99296 /* CategoryEntity+CoreDataClass.swift */,
				1F36721D2750A14800B99296 /* CategoryEntity+CoreDataProperties.swift */,
				1FB8CEEA274F4D7E00DAC1A8 /* ModalView.swift */,
				1FB031B1274AF73E00CBC739 /* ProfileView.swift */,
				1F04DBF3274FF81200E5CF42 /* AchievementTile.swift */,
				8730CB9F2733725B00D175DB /* CalendarView.swift */,
				1FB8CEEC274F68F300DAC1A8 /* Cell.swift */,
				1FB8CEEE274F694700DAC1A8 /* CustomColors.swift */,
				1F8BF5BB27505E5D0025226A /* Achievement.swift */,
				1F8BF5BD275065970025226A /* NSManagedObjectModel.xcdatamodeld */,
				1F8BF5C427506A370025226A /* Persistence.swift */,
			);
			path = Dalton;
			sourceTree = "<group>";
		};
		CE630704273368020031B8A9 /* Tommie */ = {
			isa = PBXGroup;
			children = (
				DE998A4327336DC3000A08CF /* TaskCard.swift */,
				1F644AC12753261A0016ADC5 /* CategoryTaskView.swift */,
				303E9275272AF1F000B71B63 /* CategoryCard.swift */,
				DE998A4527336ECE000A08CF /* CategoryListView.swift */,
			);
			path = Tommie;
			sourceTree = "<group>";
		};
		CE6307052733681D0031B8A9 /* Alejandro */ = {
			isa = PBXGroup;
			children = (
				8730CB9D2733717100D175DB /* WeeklyView.swift */,
			);
			path = Alejandro;
			sourceTree = "<group>";
		};
		CE85B186274F355600A3F3AB /* task card font */ = {
			isa = PBXGroup;
			children = (
				CE85B18A274F420B00A3F3AB /* Montserrat-Regular.ttf */,
				CE85B187274F356A00A3F3AB /* Montserrat-Regular.ttf */,
			);
			path = "task card font";
			sourceTree = "<group>";
		};
/* End PBXGroup section */

/* Begin PBXNativeTarget section */
		1FBB93C02717338D00C6C2F2 /* AssignMe */ = {
			isa = PBXNativeTarget;
			buildConfigurationList = 1FBB93E62717339400C6C2F2 /* Build configuration list for PBXNativeTarget "AssignMe" */;
			buildPhases = (
				1FBB93BD2717338D00C6C2F2 /* Sources */,
				1FBB93BE2717338D00C6C2F2 /* Frameworks */,
				1FBB93BF2717338D00C6C2F2 /* Resources */,
			);
			buildRules = (
			);
			dependencies = (
			);
			name = AssignMe;
			productName = AssignMe;
			productReference = 1FBB93C12717338E00C6C2F2 /* AssignMe.app */;
			productType = "com.apple.product-type.application";
		};
		1FBB93D12717339400C6C2F2 /* AssignMeTests */ = {
			isa = PBXNativeTarget;
			buildConfigurationList = 1FBB93E92717339400C6C2F2 /* Build configuration list for PBXNativeTarget "AssignMeTests" */;
			buildPhases = (
				1FBB93CE2717339400C6C2F2 /* Sources */,
				1FBB93CF2717339400C6C2F2 /* Frameworks */,
				1FBB93D02717339400C6C2F2 /* Resources */,
			);
			buildRules = (
			);
			dependencies = (
				1FBB93D42717339400C6C2F2 /* PBXTargetDependency */,
			);
			name = AssignMeTests;
			productName = AssignMeTests;
			productReference = 1FBB93D22717339400C6C2F2 /* AssignMeTests.xctest */;
			productType = "com.apple.product-type.bundle.unit-test";
		};
		1FBB93DC2717339400C6C2F2 /* AssignMeUITests */ = {
			isa = PBXNativeTarget;
			buildConfigurationList = 1FBB93EC2717339400C6C2F2 /* Build configuration list for PBXNativeTarget "AssignMeUITests" */;
			buildPhases = (
				1FBB93D92717339400C6C2F2 /* Sources */,
				1FBB93DA2717339400C6C2F2 /* Frameworks */,
				1FBB93DB2717339400C6C2F2 /* Resources */,
			);
			buildRules = (
			);
			dependencies = (
				1FBB93DF2717339400C6C2F2 /* PBXTargetDependency */,
			);
			name = AssignMeUITests;
			productName = AssignMeUITests;
			productReference = 1FBB93DD2717339400C6C2F2 /* AssignMeUITests.xctest */;
			productType = "com.apple.product-type.bundle.ui-testing";
		};
/* End PBXNativeTarget section */

/* Begin PBXProject section */
		1FBB93B92717338D00C6C2F2 /* Project object */ = {
			isa = PBXProject;
			attributes = {
				LastSwiftUpdateCheck = 1250;
				LastUpgradeCheck = 1250;
				TargetAttributes = {
					1FBB93C02717338D00C6C2F2 = {
						CreatedOnToolsVersion = 12.5.1;
					};
					1FBB93D12717339400C6C2F2 = {
						CreatedOnToolsVersion = 12.5.1;
						TestTargetID = 1FBB93C02717338D00C6C2F2;
					};
					1FBB93DC2717339400C6C2F2 = {
						CreatedOnToolsVersion = 12.5.1;
						TestTargetID = 1FBB93C02717338D00C6C2F2;
					};
				};
			};
			buildConfigurationList = 1FBB93BC2717338D00C6C2F2 /* Build configuration list for PBXProject "AssignMe" */;
			compatibilityVersion = "Xcode 9.3";
			developmentRegion = en;
			hasScannedForEncodings = 0;
			knownRegions = (
				en,
				Base,
			);
			mainGroup = 1FBB93B82717338D00C6C2F2;
			productRefGroup = 1FBB93C22717338E00C6C2F2 /* Products */;
			projectDirPath = "";
			projectRoot = "";
			targets = (
				1FBB93C02717338D00C6C2F2 /* AssignMe */,
				1FBB93D12717339400C6C2F2 /* AssignMeTests */,
				1FBB93DC2717339400C6C2F2 /* AssignMeUITests */,
			);
		};
/* End PBXProject section */

/* Begin PBXResourcesBuildPhase section */
		1FBB93BF2717338D00C6C2F2 /* Resources */ = {
			isa = PBXResourcesBuildPhase;
			buildActionMask = 2147483647;
			files = (
				1F553B3A2737061D00362BAF /* Ubuntu-Regular.ttf in Resources */,
				1F553B3B2737061D00362BAF /* Ubuntu-Medium.ttf in Resources */,
				1F553B3C2737061D00362BAF /* Ubuntu-BoldItalic.ttf in Resources */,
				1FBB93C92717339300C6C2F2 /* Assets.xcassets in Resources */,
				1F553B3F2737061D00362BAF /* Ubuntu-LightItalic.ttf in Resources */,
				1F553B3E2737061D00362BAF /* Ubuntu-Light.ttf in Resources */,
				1F553B4127370B2100362BAF /* Viga-Regular.ttf in Resources */,
				1F553B3D2737061D00362BAF /* Ubuntu-Bold.ttf in Resources */,
				1F553B382737061D00362BAF /* Ubuntu-Italic.ttf in Resources */,
				1F553B392737061D00362BAF /* Ubuntu-MediumItalic.ttf in Resources */,
			);
			runOnlyForDeploymentPostprocessing = 0;
		};
		1FBB93D02717339400C6C2F2 /* Resources */ = {
			isa = PBXResourcesBuildPhase;
			buildActionMask = 2147483647;
			files = (
			);
			runOnlyForDeploymentPostprocessing = 0;
		};
		1FBB93DB2717339400C6C2F2 /* Resources */ = {
			isa = PBXResourcesBuildPhase;
			buildActionMask = 2147483647;
			files = (
			);
			runOnlyForDeploymentPostprocessing = 0;
		};
/* End PBXResourcesBuildPhase section */

/* Begin PBXSourcesBuildPhase section */
		1FBB93BD2717338D00C6C2F2 /* Sources */ = {
			isa = PBXSourcesBuildPhase;
			buildActionMask = 2147483647;
			files = (
				1F8BF5BF275065970025226A /* NSManagedObjectModel.xcdatamodeld in Sources */,
				1F644AC22753261A0016ADC5 /* CategoryTaskView.swift in Sources */,
				CE25728727422138006C5C66 /* TaskDetailsView.swift in Sources */,
				303CFCB92720F6DF003B7139 /* SwiftUIViewTest.swift in Sources */,
				303CFCB12719C705003B7139 /* Task.swift in Sources */,
				303CFCB3271D0116003B7139 /* CategoryCreationFormView.swift in Sources */,
				30954F14272E3E4000E100BE /* DifficultyView.swift in Sources */,
				1FBB93C72717338E00C6C2F2 /* ContentView.swift in Sources */,
				1F8BF5C527506A370025226A /* Persistence.swift in Sources */,
				1F3672272750A8D800B99296 /* TaskEntity+CoreDataProperties.swift in Sources */,
				8730CBA02733725B00D175DB /* CalendarView.swift in Sources */,
				1F04DBF4274FF81200E5CF42 /* AchievementTile.swift in Sources */,
				DE998A4627336ECE000A08CF /* CategoryListView.swift in Sources */,
				1F3672202750A14800B99296 /* CategoryEntity+CoreDataClass.swift in Sources */,
				303E9278272AF3AE00B71B63 /* UserOld.swift in Sources */,
				DE998A4427336DC3000A08CF /* TaskCard.swift in Sources */,
				1FB031B2274AF73E00CBC739 /* ProfileView.swift in Sources */,
				1FB8CEEB274F4D7E00DAC1A8 /* ModalView.swift in Sources */,
				30954F1A273478FA00E100BE /* TaskEditView.swift in Sources */,
				8730CB9E2733717100D175DB /* WeeklyView.swift in Sources */,
				CE630707273369B50031B8A9 /* CategoryEdit.swift in Sources */,
				303E927A272C5E9200B71B63 /* TaskEntryView.swift in Sources */,
				1FB8CEEF274F694700DAC1A8 /* CustomColors.swift in Sources */,
				1F8BF5BC27505E5D0025226A /* Achievement.swift in Sources */,
				303E9276272AF1F000B71B63 /* CategoryCard.swift in Sources */,
				1FB8CEED274F68F300DAC1A8 /* Cell.swift in Sources */,
				1FBB93C52717338E00C6C2F2 /* AssignMeApp.swift in Sources */,
				303CFCAF2719C38B003B7139 /* Category.swift in Sources */,
				1F3672212750A14800B99296 /* CategoryEntity+CoreDataProperties.swift in Sources */,
				1F3672262750A8D800B99296 /* TaskEntity+CoreDataClass.swift in Sources */,
			);
			runOnlyForDeploymentPostprocessing = 0;
		};
		1FBB93CE2717339400C6C2F2 /* Sources */ = {
			isa = PBXSourcesBuildPhase;
			buildActionMask = 2147483647;
			files = (
				1FBB93D72717339400C6C2F2 /* AssignMeTests.swift in Sources */,
			);
			runOnlyForDeploymentPostprocessing = 0;
		};
		1FBB93D92717339400C6C2F2 /* Sources */ = {
			isa = PBXSourcesBuildPhase;
			buildActionMask = 2147483647;
			files = (
				1FBB93E22717339400C6C2F2 /* AssignMeUITests.swift in Sources */,
			);
			runOnlyForDeploymentPostprocessing = 0;
		};
/* End PBXSourcesBuildPhase section */

/* Begin PBXTargetDependency section */
		1FBB93D42717339400C6C2F2 /* PBXTargetDependency */ = {
			isa = PBXTargetDependency;
			target = 1FBB93C02717338D00C6C2F2 /* AssignMe */;
			targetProxy = 1FBB93D32717339400C6C2F2 /* PBXContainerItemProxy */;
		};
		1FBB93DF2717339400C6C2F2 /* PBXTargetDependency */ = {
			isa = PBXTargetDependency;
			target = 1FBB93C02717338D00C6C2F2 /* AssignMe */;
			targetProxy = 1FBB93DE2717339400C6C2F2 /* PBXContainerItemProxy */;
		};
/* End PBXTargetDependency section */

/* Begin XCBuildConfiguration section */
		1FBB93E42717339400C6C2F2 /* Debug */ = {
			isa = XCBuildConfiguration;
			buildSettings = {
				ALWAYS_SEARCH_USER_PATHS = NO;
				CLANG_ANALYZER_NONNULL = YES;
				CLANG_ANALYZER_NUMBER_OBJECT_CONVERSION = YES_AGGRESSIVE;
				CLANG_CXX_LANGUAGE_STANDARD = "gnu++14";
				CLANG_CXX_LIBRARY = "libc++";
				CLANG_ENABLE_MODULES = YES;
				CLANG_ENABLE_OBJC_ARC = YES;
				CLANG_ENABLE_OBJC_WEAK = YES;
				CLANG_WARN_BLOCK_CAPTURE_AUTORELEASING = YES;
				CLANG_WARN_BOOL_CONVERSION = YES;
				CLANG_WARN_COMMA = YES;
				CLANG_WARN_CONSTANT_CONVERSION = YES;
				CLANG_WARN_DEPRECATED_OBJC_IMPLEMENTATIONS = YES;
				CLANG_WARN_DIRECT_OBJC_ISA_USAGE = YES_ERROR;
				CLANG_WARN_DOCUMENTATION_COMMENTS = YES;
				CLANG_WARN_EMPTY_BODY = YES;
				CLANG_WARN_ENUM_CONVERSION = YES;
				CLANG_WARN_INFINITE_RECURSION = YES;
				CLANG_WARN_INT_CONVERSION = YES;
				CLANG_WARN_NON_LITERAL_NULL_CONVERSION = YES;
				CLANG_WARN_OBJC_IMPLICIT_RETAIN_SELF = YES;
				CLANG_WARN_OBJC_LITERAL_CONVERSION = YES;
				CLANG_WARN_OBJC_ROOT_CLASS = YES_ERROR;
				CLANG_WARN_QUOTED_INCLUDE_IN_FRAMEWORK_HEADER = YES;
				CLANG_WARN_RANGE_LOOP_ANALYSIS = YES;
				CLANG_WARN_STRICT_PROTOTYPES = YES;
				CLANG_WARN_SUSPICIOUS_MOVE = YES;
				CLANG_WARN_UNGUARDED_AVAILABILITY = YES_AGGRESSIVE;
				CLANG_WARN_UNREACHABLE_CODE = YES;
				CLANG_WARN__DUPLICATE_METHOD_MATCH = YES;
				COPY_PHASE_STRIP = NO;
				DEBUG_INFORMATION_FORMAT = dwarf;
				ENABLE_STRICT_OBJC_MSGSEND = YES;
				ENABLE_TESTABILITY = YES;
				GCC_C_LANGUAGE_STANDARD = gnu11;
				GCC_DYNAMIC_NO_PIC = NO;
				GCC_NO_COMMON_BLOCKS = YES;
				GCC_OPTIMIZATION_LEVEL = 0;
				GCC_PREPROCESSOR_DEFINITIONS = (
					"DEBUG=1",
					"$(inherited)",
				);
				GCC_WARN_64_TO_32_BIT_CONVERSION = YES;
				GCC_WARN_ABOUT_RETURN_TYPE = YES_ERROR;
				GCC_WARN_UNDECLARED_SELECTOR = YES;
				GCC_WARN_UNINITIALIZED_AUTOS = YES_AGGRESSIVE;
				GCC_WARN_UNUSED_FUNCTION = YES;
				GCC_WARN_UNUSED_VARIABLE = YES;
				IPHONEOS_DEPLOYMENT_TARGET = 14.5;
				MTL_ENABLE_DEBUG_INFO = INCLUDE_SOURCE;
				MTL_FAST_MATH = YES;
				ONLY_ACTIVE_ARCH = YES;
				SDKROOT = iphoneos;
				SWIFT_ACTIVE_COMPILATION_CONDITIONS = DEBUG;
				SWIFT_OPTIMIZATION_LEVEL = "-Onone";
			};
			name = Debug;
		};
		1FBB93E52717339400C6C2F2 /* Release */ = {
			isa = XCBuildConfiguration;
			buildSettings = {
				ALWAYS_SEARCH_USER_PATHS = NO;
				CLANG_ANALYZER_NONNULL = YES;
				CLANG_ANALYZER_NUMBER_OBJECT_CONVERSION = YES_AGGRESSIVE;
				CLANG_CXX_LANGUAGE_STANDARD = "gnu++14";
				CLANG_CXX_LIBRARY = "libc++";
				CLANG_ENABLE_MODULES = YES;
				CLANG_ENABLE_OBJC_ARC = YES;
				CLANG_ENABLE_OBJC_WEAK = YES;
				CLANG_WARN_BLOCK_CAPTURE_AUTORELEASING = YES;
				CLANG_WARN_BOOL_CONVERSION = YES;
				CLANG_WARN_COMMA = YES;
				CLANG_WARN_CONSTANT_CONVERSION = YES;
				CLANG_WARN_DEPRECATED_OBJC_IMPLEMENTATIONS = YES;
				CLANG_WARN_DIRECT_OBJC_ISA_USAGE = YES_ERROR;
				CLANG_WARN_DOCUMENTATION_COMMENTS = YES;
				CLANG_WARN_EMPTY_BODY = YES;
				CLANG_WARN_ENUM_CONVERSION = YES;
				CLANG_WARN_INFINITE_RECURSION = YES;
				CLANG_WARN_INT_CONVERSION = YES;
				CLANG_WARN_NON_LITERAL_NULL_CONVERSION = YES;
				CLANG_WARN_OBJC_IMPLICIT_RETAIN_SELF = YES;
				CLANG_WARN_OBJC_LITERAL_CONVERSION = YES;
				CLANG_WARN_OBJC_ROOT_CLASS = YES_ERROR;
				CLANG_WARN_QUOTED_INCLUDE_IN_FRAMEWORK_HEADER = YES;
				CLANG_WARN_RANGE_LOOP_ANALYSIS = YES;
				CLANG_WARN_STRICT_PROTOTYPES = YES;
				CLANG_WARN_SUSPICIOUS_MOVE = YES;
				CLANG_WARN_UNGUARDED_AVAILABILITY = YES_AGGRESSIVE;
				CLANG_WARN_UNREACHABLE_CODE = YES;
				CLANG_WARN__DUPLICATE_METHOD_MATCH = YES;
				COPY_PHASE_STRIP = NO;
				DEBUG_INFORMATION_FORMAT = "dwarf-with-dsym";
				ENABLE_NS_ASSERTIONS = NO;
				ENABLE_STRICT_OBJC_MSGSEND = YES;
				GCC_C_LANGUAGE_STANDARD = gnu11;
				GCC_NO_COMMON_BLOCKS = YES;
				GCC_WARN_64_TO_32_BIT_CONVERSION = YES;
				GCC_WARN_ABOUT_RETURN_TYPE = YES_ERROR;
				GCC_WARN_UNDECLARED_SELECTOR = YES;
				GCC_WARN_UNINITIALIZED_AUTOS = YES_AGGRESSIVE;
				GCC_WARN_UNUSED_FUNCTION = YES;
				GCC_WARN_UNUSED_VARIABLE = YES;
				IPHONEOS_DEPLOYMENT_TARGET = 14.5;
				MTL_ENABLE_DEBUG_INFO = NO;
				MTL_FAST_MATH = YES;
				SDKROOT = iphoneos;
				SWIFT_COMPILATION_MODE = wholemodule;
				SWIFT_OPTIMIZATION_LEVEL = "-O";
				VALIDATE_PRODUCT = YES;
			};
			name = Release;
		};
		1FBB93E72717339400C6C2F2 /* Debug */ = {
			isa = XCBuildConfiguration;
			buildSettings = {
				ASSETCATALOG_COMPILER_APPICON_NAME = AppIcon;
				ASSETCATALOG_COMPILER_GLOBAL_ACCENT_COLOR_NAME = AccentColor;
				CODE_SIGN_STYLE = Automatic;
				DEVELOPMENT_ASSET_PATHS = "\"AssignMe/Preview Content\"";
				ENABLE_PREVIEWS = YES;
				INFOPLIST_FILE = AssignMe/Info.plist;
				IPHONEOS_DEPLOYMENT_TARGET = 14.5;
				LD_RUNPATH_SEARCH_PATHS = (
					"$(inherited)",
					"@executable_path/Frameworks",
				);
				PRODUCT_BUNDLE_IDENTIFIER = com.projectcuttlefish.AssignMe;
				PRODUCT_NAME = "$(TARGET_NAME)";
				SWIFT_VERSION = 5.0;
				TARGETED_DEVICE_FAMILY = 1;
			};
			name = Debug;
		};
		1FBB93E82717339400C6C2F2 /* Release */ = {
			isa = XCBuildConfiguration;
			buildSettings = {
				ASSETCATALOG_COMPILER_APPICON_NAME = AppIcon;
				ASSETCATALOG_COMPILER_GLOBAL_ACCENT_COLOR_NAME = AccentColor;
				CODE_SIGN_STYLE = Automatic;
				DEVELOPMENT_ASSET_PATHS = "\"AssignMe/Preview Content\"";
				ENABLE_PREVIEWS = YES;
				INFOPLIST_FILE = AssignMe/Info.plist;
				IPHONEOS_DEPLOYMENT_TARGET = 14.5;
				LD_RUNPATH_SEARCH_PATHS = (
					"$(inherited)",
					"@executable_path/Frameworks",
				);
				PRODUCT_BUNDLE_IDENTIFIER = com.projectcuttlefish.AssignMe;
				PRODUCT_NAME = "$(TARGET_NAME)";
				SWIFT_VERSION = 5.0;
				TARGETED_DEVICE_FAMILY = 1;
			};
			name = Release;
		};
		1FBB93EA2717339400C6C2F2 /* Debug */ = {
			isa = XCBuildConfiguration;
			buildSettings = {
				ALWAYS_EMBED_SWIFT_STANDARD_LIBRARIES = YES;
				BUNDLE_LOADER = "$(TEST_HOST)";
				CODE_SIGN_STYLE = Automatic;
				INFOPLIST_FILE = AssignMeTests/Info.plist;
				IPHONEOS_DEPLOYMENT_TARGET = 14.0;
				LD_RUNPATH_SEARCH_PATHS = (
					"$(inherited)",
					"@executable_path/Frameworks",
					"@loader_path/Frameworks",
				);
				PRODUCT_BUNDLE_IDENTIFIER = com.projectcuttlefish.AssignMeTests;
				PRODUCT_NAME = "$(TARGET_NAME)";
				SWIFT_VERSION = 5.0;
				TARGETED_DEVICE_FAMILY = "1,2";
				TEST_HOST = "$(BUILT_PRODUCTS_DIR)/AssignMe.app/AssignMe";
			};
			name = Debug;
		};
		1FBB93EB2717339400C6C2F2 /* Release */ = {
			isa = XCBuildConfiguration;
			buildSettings = {
				ALWAYS_EMBED_SWIFT_STANDARD_LIBRARIES = YES;
				BUNDLE_LOADER = "$(TEST_HOST)";
				CODE_SIGN_STYLE = Automatic;
				INFOPLIST_FILE = AssignMeTests/Info.plist;
				IPHONEOS_DEPLOYMENT_TARGET = 14.0;
				LD_RUNPATH_SEARCH_PATHS = (
					"$(inherited)",
					"@executable_path/Frameworks",
					"@loader_path/Frameworks",
				);
				PRODUCT_BUNDLE_IDENTIFIER = com.projectcuttlefish.AssignMeTests;
				PRODUCT_NAME = "$(TARGET_NAME)";
				SWIFT_VERSION = 5.0;
				TARGETED_DEVICE_FAMILY = "1,2";
				TEST_HOST = "$(BUILT_PRODUCTS_DIR)/AssignMe.app/AssignMe";
			};
			name = Release;
		};
		1FBB93ED2717339400C6C2F2 /* Debug */ = {
			isa = XCBuildConfiguration;
			buildSettings = {
				ALWAYS_EMBED_SWIFT_STANDARD_LIBRARIES = YES;
				CODE_SIGN_STYLE = Automatic;
				INFOPLIST_FILE = AssignMeUITests/Info.plist;
				LD_RUNPATH_SEARCH_PATHS = (
					"$(inherited)",
					"@executable_path/Frameworks",
					"@loader_path/Frameworks",
				);
				PRODUCT_BUNDLE_IDENTIFIER = com.projectcuttlefish.AssignMeUITests;
				PRODUCT_NAME = "$(TARGET_NAME)";
				SWIFT_VERSION = 5.0;
				TARGETED_DEVICE_FAMILY = "1,2";
				TEST_TARGET_NAME = AssignMe;
			};
			name = Debug;
		};
		1FBB93EE2717339400C6C2F2 /* Release */ = {
			isa = XCBuildConfiguration;
			buildSettings = {
				ALWAYS_EMBED_SWIFT_STANDARD_LIBRARIES = YES;
				CODE_SIGN_STYLE = Automatic;
				INFOPLIST_FILE = AssignMeUITests/Info.plist;
				LD_RUNPATH_SEARCH_PATHS = (
					"$(inherited)",
					"@executable_path/Frameworks",
					"@loader_path/Frameworks",
				);
				PRODUCT_BUNDLE_IDENTIFIER = com.projectcuttlefish.AssignMeUITests;
				PRODUCT_NAME = "$(TARGET_NAME)";
				SWIFT_VERSION = 5.0;
				TARGETED_DEVICE_FAMILY = "1,2";
				TEST_TARGET_NAME = AssignMe;
			};
			name = Release;
		};
/* End XCBuildConfiguration section */

/* Begin XCConfigurationList section */
		1FBB93BC2717338D00C6C2F2 /* Build configuration list for PBXProject "AssignMe" */ = {
			isa = XCConfigurationList;
			buildConfigurations = (
				1FBB93E42717339400C6C2F2 /* Debug */,
				1FBB93E52717339400C6C2F2 /* Release */,
			);
			defaultConfigurationIsVisible = 0;
			defaultConfigurationName = Release;
		};
		1FBB93E62717339400C6C2F2 /* Build configuration list for PBXNativeTarget "AssignMe" */ = {
			isa = XCConfigurationList;
			buildConfigurations = (
				1FBB93E72717339400C6C2F2 /* Debug */,
				1FBB93E82717339400C6C2F2 /* Release */,
			);
			defaultConfigurationIsVisible = 0;
			defaultConfigurationName = Release;
		};
		1FBB93E92717339400C6C2F2 /* Build configuration list for PBXNativeTarget "AssignMeTests" */ = {
			isa = XCConfigurationList;
			buildConfigurations = (
				1FBB93EA2717339400C6C2F2 /* Debug */,
				1FBB93EB2717339400C6C2F2 /* Release */,
			);
			defaultConfigurationIsVisible = 0;
			defaultConfigurationName = Release;
		};
		1FBB93EC2717339400C6C2F2 /* Build configuration list for PBXNativeTarget "AssignMeUITests" */ = {
			isa = XCConfigurationList;
			buildConfigurations = (
				1FBB93ED2717339400C6C2F2 /* Debug */,
				1FBB93EE2717339400C6C2F2 /* Release */,
			);
			defaultConfigurationIsVisible = 0;
			defaultConfigurationName = Release;
		};
/* End XCConfigurationList section */

/* Begin XCVersionGroup section */
		1F8BF5BD275065970025226A /* NSManagedObjectModel.xcdatamodeld */ = {
			isa = XCVersionGroup;
			children = (
				1F8BF5BE275065970025226A /* User.xcdatamodel */,
			);
			currentVersion = 1F8BF5BE275065970025226A /* User.xcdatamodel */;
			path = NSManagedObjectModel.xcdatamodeld;
			sourceTree = "<group>";
			versionGroupType = wrapper.xcdatamodel;
		};
/* End XCVersionGroup section */
	};
	rootObject = 1FBB93B92717338D00C6C2F2 /* Project object */;
}
